
Microsoft Visual Studio Solution File, Format Version 12.00
# Visual Studio 15
VisualStudioVersion = 15.0.28307.572
MinimumVisualStudioVersion = 10.0.40219.1
Project("{FAE04EC0-301F-11D3-BF4B-00C04F79EFBC}") = "usuario contraseña", "usuario contraseña\usuario contraseña.csproj", "{5888DFA6-1C63-4BEC-8CAB-380865EAA574}"
EndProject
Global
	GlobalSection(SolutionConfigurationPlatforms) = preSolution
		Debug|Any CPU = Debug|Any CPU
		Release|Any CPU = Release|Any CPU
	EndGlobalSection
	GlobalSection(ProjectConfigurationPlatforms) = postSolution
		{5888DFA6-1C63-4BEC-8CAB-380865EAA574}.Debug|Any CPU.ActiveCfg = Debug|Any CPU
		{5888DFA6-1C63-4BEC-8CAB-380865EAA574}.Debug|Any CPU.Build.0 = Debug|Any CPU
		{5888DFA6-1C63-4BEC-8CAB-380865EAA574}.Release|Any CPU.ActiveCfg = Release|Any CPU
		{5888DFA6-1C63-4BEC-8CAB-380865EAA574}.Release|Any CPU.Build.0 = Release|Any CPU
	EndGlobalSection
	GlobalSection(SolutionProperties) = preSolution
		HideSolutionNode = FALSE
	EndGlobalSection
	GlobalSection(ExtensibilityGlobals) = postSolution
		SolutionGuid = {CC779BE7-2384-4F6F-B4CF-A4CCD5C6E6B0}
	EndGlobalSection
EndGlobal
